
Microsoft Visual Studio Solution File, Format Version 12.00
# Visual Studio Version 17
VisualStudioVersion = 17.10.35122.118
MinimumVisualStudioVersion = 10.0.40219.1
Project("{9A19103F-16F7-4668-BE54-9A1E7A4F7556}") = "ProductManagement", "ProductManagement\ProductManagement.csproj", "{D3CBE726-E74D-4E8D-AC71-66B5822799AE}"
EndProject
Project("{FAE04EC0-301F-11D3-BF4B-00C04F79EFBC}") = "ProductManagement.Tests", "ProductManagement.Tests\ProductManagement.Tests.csproj", "{4E84543D-0F7C-4D10-8FE7-837BEE2C55C7}"
EndProject
Global
	GlobalSection(SolutionConfigurationPlatforms) = preSolution
		Debug|Any CPU = Debug|Any CPU
		Release|Any CPU = Release|Any CPU
	EndGlobalSection
	GlobalSection(ProjectConfigurationPlatforms) = postSolution
		{D3CBE726-E74D-4E8D-AC71-66B5822799AE}.Debug|Any CPU.ActiveCfg = Debug|Any CPU
		{D3CBE726-E74D-4E8D-AC71-66B5822799AE}.Debug|Any CPU.Build.0 = Debug|Any CPU
		{D3CBE726-E74D-4E8D-AC71-66B5822799AE}.Release|Any CPU.ActiveCfg = Release|Any CPU
		{D3CBE726-E74D-4E8D-AC71-66B5822799AE}.Release|Any CPU.Build.0 = Release|Any CPU
		{4E84543D-0F7C-4D10-8FE7-837BEE2C55C7}.Debug|Any CPU.ActiveCfg = Debug|Any CPU
		{4E84543D-0F7C-4D10-8FE7-837BEE2C55C7}.Debug|Any CPU.Build.0 = Debug|Any CPU
		{4E84543D-0F7C-4D10-8FE7-837BEE2C55C7}.Release|Any CPU.ActiveCfg = Release|Any CPU
		{4E84543D-0F7C-4D10-8FE7-837BEE2C55C7}.Release|Any CPU.Build.0 = Release|Any CPU
	EndGlobalSection
	GlobalSection(SolutionProperties) = preSolution
		HideSolutionNode = FALSE
	EndGlobalSection
	GlobalSection(ExtensibilityGlobals) = postSolution
		SolutionGuid = {6EFB4097-AD37-4D00-B461-0B23C0BFE040}
	EndGlobalSection
EndGlobal
